
Microsoft Visual Studio Solution File, Format Version 12.00
# Visual Studio Version 16
VisualStudioVersion = 16.0.28803.352
MinimumVisualStudioVersion = 10.0.40219.1
Project("{FAE04EC0-301F-11D3-BF4B-00C04F79EFBC}") = "ado08022020", "ado08022020\ado08022020.csproj", "{2A3625EB-6B3E-4446-945A-B9A1A0413D72}"
EndProject
Global
	GlobalSection(SolutionConfigurationPlatforms) = preSolution
		Debug|Any CPU = Debug|Any CPU
		Release|Any CPU = Release|Any CPU
	EndGlobalSection
	GlobalSection(ProjectConfigurationPlatforms) = postSolution
		{2A3625EB-6B3E-4446-945A-B9A1A0413D72}.Debug|Any CPU.ActiveCfg = Debug|Any CPU
		{2A3625EB-6B3E-4446-945A-B9A1A0413D72}.Debug|Any CPU.Build.0 = Debug|Any CPU
		{2A3625EB-6B3E-4446-945A-B9A1A0413D72}.Release|Any CPU.ActiveCfg = Release|Any CPU
		{2A3625EB-6B3E-4446-945A-B9A1A0413D72}.Release|Any CPU.Build.0 = Release|Any CPU
	EndGlobalSection
	GlobalSection(SolutionProperties) = preSolution
		HideSolutionNode = FALSE
	EndGlobalSection
	GlobalSection(ExtensibilityGlobals) = postSolution
		SolutionGuid = {794A6113-0D10-47B3-AABE-2A1FF475D6CA}
	EndGlobalSection
EndGlobal
